
Microsoft Visual Studio Solution File, Format Version 12.00
# Visual Studio Version 16
VisualStudioVersion = 16.0.31112.23
MinimumVisualStudioVersion = 10.0.40219.1
Project("{9A19103F-16F7-4668-BE54-9A1E7A4F7556}") = "TaskManager", "TaskManager\TaskManager.csproj", "{285CD116-4031-4643-A6B0-66DC761EF2B2}"
EndProject
Project("{FAE04EC0-301F-11D3-BF4B-00C04F79EFBC}") = "TaskManager.Core", "TaskManager.Core\TaskManager.Core.csproj", "{FD99EEF3-183B-4D84-B666-D67E67C89388}"
EndProject
Project("{FAE04EC0-301F-11D3-BF4B-00C04F79EFBC}") = "TaskManager.Infraestructure", "TaskManager.Ingraestructure\TaskManager.Infraestructure.csproj", "{0660DD3D-5806-4941-BC90-BBFE58C64DDE}"
EndProject
Project("{FAE04EC0-301F-11D3-BF4B-00C04F79EFBC}") = "TaskManager.Test", "TaskManager.Test\TaskManager.Test.csproj", "{77A6ED55-94B1-42C2-9163-77574AC1CE76}"
EndProject
Global
	GlobalSection(SolutionConfigurationPlatforms) = preSolution
		Debug|Any CPU = Debug|Any CPU
		Release|Any CPU = Release|Any CPU
	EndGlobalSection
	GlobalSection(ProjectConfigurationPlatforms) = postSolution
		{285CD116-4031-4643-A6B0-66DC761EF2B2}.Debug|Any CPU.ActiveCfg = Debug|Any CPU
		{285CD116-4031-4643-A6B0-66DC761EF2B2}.Debug|Any CPU.Build.0 = Debug|Any CPU
		{285CD116-4031-4643-A6B0-66DC761EF2B2}.Release|Any CPU.ActiveCfg = Release|Any CPU
		{285CD116-4031-4643-A6B0-66DC761EF2B2}.Release|Any CPU.Build.0 = Release|Any CPU
		{FD99EEF3-183B-4D84-B666-D67E67C89388}.Debug|Any CPU.ActiveCfg = Debug|Any CPU
		{FD99EEF3-183B-4D84-B666-D67E67C89388}.Debug|Any CPU.Build.0 = Debug|Any CPU
		{FD99EEF3-183B-4D84-B666-D67E67C89388}.Release|Any CPU.ActiveCfg = Release|Any CPU
		{FD99EEF3-183B-4D84-B666-D67E67C89388}.Release|Any CPU.Build.0 = Release|Any CPU
		{0660DD3D-5806-4941-BC90-BBFE58C64DDE}.Debug|Any CPU.ActiveCfg = Debug|Any CPU
		{0660DD3D-5806-4941-BC90-BBFE58C64DDE}.Debug|Any CPU.Build.0 = Debug|Any CPU
		{0660DD3D-5806-4941-BC90-BBFE58C64DDE}.Release|Any CPU.ActiveCfg = Release|Any CPU
		{0660DD3D-5806-4941-BC90-BBFE58C64DDE}.Release|Any CPU.Build.0 = Release|Any CPU
		{77A6ED55-94B1-42C2-9163-77574AC1CE76}.Debug|Any CPU.ActiveCfg = Debug|Any CPU
		{77A6ED55-94B1-42C2-9163-77574AC1CE76}.Debug|Any CPU.Build.0 = Debug|Any CPU
		{77A6ED55-94B1-42C2-9163-77574AC1CE76}.Release|Any CPU.ActiveCfg = Release|Any CPU
		{77A6ED55-94B1-42C2-9163-77574AC1CE76}.Release|Any CPU.Build.0 = Release|Any CPU
	EndGlobalSection
	GlobalSection(SolutionProperties) = preSolution
		HideSolutionNode = FALSE
	EndGlobalSection
	GlobalSection(ExtensibilityGlobals) = postSolution
		SolutionGuid = {9F1A50BA-8800-44CC-AEA8-C5BEDFD373ED}
	EndGlobalSection
EndGlobal
